<?xml version="1.0" encoding="utf-8"?>
<Project ToolsVersion="4.0" xmlns="http://schemas.microsoft.com/developer/msbuild/2003">
  <ItemGroup>
    <Filter Include="资源文件">
      <UniqueIdentifier>{67DA6AB6-F800-4c08-8B7A-83BB121AAD01}</UniqueIdentifier>
      <Extensions>rc;ico;cur;bmp;dlg;rc2;rct;bin;rgs;gif;jpg;jpeg;jpe;resx;tiff;tif;png;wav;mfcribbon-ms</Extensions>
    </Filter>
    <Filter Include="shaker_regex">
      <UniqueIdentifier>{6e4da9b9-a23c-4f66-ad25-dfb8aff6fb0c}</UniqueIdentifier>
    </Filter>
    <Filter Include="shaker_regex\nocopy">
      <UniqueIdentifier>{824bb7b5-c60e-4974-a2d6-5a735c42a399}</UniqueIdentifier>
    </Filter>
    <Filter Include="shaker_regex\regex_cache">
      <UniqueIdentifier>{43359271-bb41-4089-aeca-b53890eb1d0e}</UniqueIdentifier>
    </Filter>
    <Filter Include="smart_ptr">
      <UniqueIdentifier>{a5202806-249f-4565-90b7-f5d2fcf4127d}</UniqueIdentifier>
    </Filter>
    <Filter Include="FileIo">
      <UniqueIdentifier>{b171c7d1-ec8f-401b-bff4-8e32f8b395b5}</UniqueIdentifier>
    </Filter>
    <Filter Include="shaker_debug">
      <UniqueIdentifier>{7f12b0ab-5c15-4273-902c-7e411c1d092f}</UniqueIdentifier>
    </Filter>
    <Filter Include="shaker_assert">
      <UniqueIdentifier>{f5667222-f69e-434c-8adc-6c7976cb63f1}</UniqueIdentifier>
    </Filter>
    <Filter Include="shaker_timer">
      <UniqueIdentifier>{ba73f0c8-d168-44d9-aa81-747bb8406c6e}</UniqueIdentifier>
    </Filter>
    <Filter Include="shaker_base">
      <UniqueIdentifier>{ba23a061-32e3-48ac-9d9a-859f5521be0e}</UniqueIdentifier>
    </Filter>
    <Filter Include="define">
      <UniqueIdentifier>{95a48b5a-76a1-415e-8573-e985850fa480}</UniqueIdentifier>
    </Filter>
    <Filter Include="main">
      <UniqueIdentifier>{4FC737F1-C7A5-4376-A066-2A32D752A2FF}</UniqueIdentifier>
      <Extensions>cpp;c;cc;cxx;def;odl;idl;hpj;bat;asm;asmx</Extensions>
    </Filter>
    <Filter Include="外部依赖库">
      <UniqueIdentifier>{13c4688b-a45a-476d-a76a-c0209c9b5c0f}</UniqueIdentifier>
    </Filter>
    <Filter Include="外部依赖库\pcre">
      <UniqueIdentifier>{163e5afc-4cbe-4712-b946-acae7d5b0b28}</UniqueIdentifier>
    </Filter>
    <Filter Include="shaker_traits">
      <UniqueIdentifier>{dc806581-2f16-46c2-b806-eea43ac7a452}</UniqueIdentifier>
    </Filter>
    <Filter Include="外部依赖库\lua">
      <UniqueIdentifier>{9fb7f4ba-2ce6-45ef-a452-cfbd1ebf6fa6}</UniqueIdentifier>
    </Filter>
    <Filter Include="未完成">
      <UniqueIdentifier>{ab5a0e25-a753-4f53-a6fa-d4e1f0cf6f17}</UniqueIdentifier>
    </Filter>
    <Filter Include="未完成\shaker_object">
      <UniqueIdentifier>{8161348b-1102-4f71-a07d-5915c5673e40}</UniqueIdentifier>
    </Filter>
    <Filter Include="未完成\shaker_serialization">
      <UniqueIdentifier>{42c027f6-faad-4850-94ca-b85e12744032}</UniqueIdentifier>
    </Filter>
    <Filter Include="未完成\shaker_serialization\指针序列化器">
      <UniqueIdentifier>{7e427ce9-1093-4609-9100-f2a47629daeb}</UniqueIdentifier>
    </Filter>
    <Filter Include="未完成\shaker_function">
      <UniqueIdentifier>{8d446bfd-0dc5-47fc-b846-ec2af9c6b7bd}</UniqueIdentifier>
    </Filter>
    <Filter Include="未完成\shaker_function\shaker_param">
      <UniqueIdentifier>{566d8e37-653f-421e-a137-3a33755f817a}</UniqueIdentifier>
    </Filter>
    <Filter Include="未完成\shaker_lua">
      <UniqueIdentifier>{0c3ad8db-7986-4325-8f70-4ae60ed494a4}</UniqueIdentifier>
    </Filter>
    <Filter Include="extersions">
      <UniqueIdentifier>{f572782c-f990-476d-8fe7-a0d56a3b38d4}</UniqueIdentifier>
    </Filter>
    <Filter Include="extersions\DataUtils">
      <UniqueIdentifier>{e921e047-3308-43b3-963d-2d68e9c933ac}</UniqueIdentifier>
    </Filter>
    <Filter Include="extersions\DataUtils\base64">
      <UniqueIdentifier>{cf9f7990-84e9-4c23-9e2a-f86e9d255515}</UniqueIdentifier>
    </Filter>
    <Filter Include="extersions\DataUtils\zlib">
      <UniqueIdentifier>{f033ecc5-c41c-4307-a789-2713a6e85202}</UniqueIdentifier>
    </Filter>
    <Filter Include="extersions\DataUtils\lzma">
      <UniqueIdentifier>{a891f1b4-8050-453d-a29d-2efc0799db30}</UniqueIdentifier>
    </Filter>
  </ItemGroup>
  <ItemGroup>
    <ClInclude Include="nocopy.h">
      <Filter>shaker_regex\nocopy</Filter>
    </ClInclude>
    <ClInclude Include="shaker_debug.h">
      <Filter>shaker_debug</Filter>
    </ClInclude>
    <ClInclude Include="shaker_assert.h">
      <Filter>shaker_assert</Filter>
    </ClInclude>
    <ClInclude Include="shaker_serialization.h">
      <Filter>未完成\shaker_serialization</Filter>
    </ClInclude>
    <ClInclude Include="shaker_object.h">
      <Filter>未完成\shaker_object</Filter>
    </ClInclude>
    <ClInclude Include="shaker_base.h">
      <Filter>shaker_base</Filter>
    </ClInclude>
    <ClInclude Include="shaker_string.h">
      <Filter>shaker_base</Filter>
    </ClInclude>
    <ClInclude Include="shaker_class.h">
      <Filter>未完成\shaker_object</Filter>
    </ClInclude>
    <ClInclude Include="pcre\pcre.h">
      <Filter>外部依赖库\pcre</Filter>
    </ClInclude>
    <ClInclude Include="shaker_define.h">
      <Filter>define</Filter>
    </ClInclude>
    <ClInclude Include="shaker_function.h">
      <Filter>未完成\shaker_function</Filter>
    </ClInclude>
    <ClInclude Include="pcre\pcre_define.h">
      <Filter>define</Filter>
    </ClInclude>
    <ClInclude Include="shaker_value.h">
      <Filter>shaker_base</Filter>
    </ClInclude>
    <ClInclude Include="shaker_type.h">
      <Filter>shaker_base</Filter>
    </ClInclude>
    <ClInclude Include="shaker_param.hpp">
      <Filter>未完成\shaker_function\shaker_param</Filter>
    </ClInclude>
    <ClInclude Include="shaker_luaCFunction.h">
      <Filter>未完成\shaker_lua</Filter>
    </ClInclude>
    <ClInclude Include="lua\lauxlib.h">
      <Filter>外部依赖库\lua</Filter>
    </ClInclude>
    <ClInclude Include="lua\lua.h">
      <Filter>外部依赖库\lua</Filter>
    </ClInclude>
    <ClInclude Include="lua\lua.hpp">
      <Filter>外部依赖库\lua</Filter>
    </ClInclude>
    <ClInclude Include="lua\luaconf.h">
      <Filter>外部依赖库\lua</Filter>
    </ClInclude>
    <ClInclude Include="lua\lualib.h">
      <Filter>外部依赖库\lua</Filter>
    </ClInclude>
    <ClInclude Include="shaker_archive.h">
      <Filter>未完成\shaker_serialization</Filter>
    </ClInclude>
    <ClInclude Include="shaker_moc_header.hpp">
      <Filter>未完成\shaker_serialization</Filter>
    </ClInclude>
    <ClInclude Include="shaker_pointer_serialize.h">
      <Filter>未完成\shaker_serialization\指针序列化器</Filter>
    </ClInclude>
    <ClInclude Include="extersions\extersions.h">
      <Filter>extersions</Filter>
    </ClInclude>
    <ClInclude Include="extersions\DataUtils\base64\base64.h">
      <Filter>extersions\DataUtils\base64</Filter>
    </ClInclude>
    <ClInclude Include="extersions\DataUtils\lzma\lzmat.h">
      <Filter>extersions\DataUtils\lzma</Filter>
    </ClInclude>
    <ClInclude Include="extersions\DataUtils\zlib\crc32.h">
      <Filter>extersions\DataUtils\zlib</Filter>
    </ClInclude>
    <ClInclude Include="extersions\DataUtils\zlib\deflate.h">
      <Filter>extersions\DataUtils\zlib</Filter>
    </ClInclude>
    <ClInclude Include="extersions\DataUtils\zlib\gzguts.h">
      <Filter>extersions\DataUtils\zlib</Filter>
    </ClInclude>
    <ClInclude Include="extersions\DataUtils\zlib\inffast.h">
      <Filter>extersions\DataUtils\zlib</Filter>
    </ClInclude>
    <ClInclude Include="extersions\DataUtils\zlib\inffixed.h">
      <Filter>extersions\DataUtils\zlib</Filter>
    </ClInclude>
    <ClInclude Include="extersions\DataUtils\zlib\inflate.h">
      <Filter>extersions\DataUtils\zlib</Filter>
    </ClInclude>
    <ClInclude Include="extersions\DataUtils\zlib\inftrees.h">
      <Filter>extersions\DataUtils\zlib</Filter>
    </ClInclude>
    <ClInclude Include="extersions\DataUtils\zlib\trees.h">
      <Filter>extersions\DataUtils\zlib</Filter>
    </ClInclude>
    <ClInclude Include="extersions\DataUtils\zlib\zconf.h">
      <Filter>extersions\DataUtils\zlib</Filter>
    </ClInclude>
    <ClInclude Include="extersions\DataUtils\zlib\zlib.h">
      <Filter>extersions\DataUtils\zlib</Filter>
    </ClInclude>
    <ClInclude Include="extersions\DataUtils\zlib\zlib_config.h">
      <Filter>extersions\DataUtils\zlib</Filter>
    </ClInclude>
    <ClInclude Include="extersions\DataUtils\zlib\zutil.h">
      <Filter>extersions\DataUtils\zlib</Filter>
    </ClInclude>
    <ClInclude Include="extersions\DataUtils\Data_Binary_t.h">
      <Filter>extersions\DataUtils</Filter>
    </ClInclude>
    <ClInclude Include="extersions\DataUtils\DataUtils.h">
      <Filter>extersions\DataUtils</Filter>
    </ClInclude>
    <ClInclude Include="shaker_file.h">
      <Filter>FileIo</Filter>
    </ClInclude>
    <ClInclude Include="shaker_file\FileIO.h">
      <Filter>FileIo</Filter>
    </ClInclude>
    <ClInclude Include="shaker_file\FileOption.h">
      <Filter>FileIo</Filter>
    </ClInclude>
    <ClInclude Include="shaker_file\FileStream.h">
      <Filter>FileIo</Filter>
    </ClInclude>
    <ClInclude Include="shaker_regex\regex.h">
      <Filter>shaker_regex</Filter>
    </ClInclude>
    <ClInclude Include="shaker_regex\regex_cache.h">
      <Filter>shaker_regex\regex_cache</Filter>
    </ClInclude>
    <ClInclude Include="shaker_timer\shaker_timer.h">
      <Filter>shaker_timer</Filter>
    </ClInclude>
    <ClInclude Include="shaker_traits\basetype_traits.h">
      <Filter>shaker_traits</Filter>
    </ClInclude>
    <ClInclude Include="shaker_traits\function_traits.h">
      <Filter>shaker_traits</Filter>
    </ClInclude>
    <ClInclude Include="shaker_traits\value_traits.h">
      <Filter>shaker_traits</Filter>
    </ClInclude>
    <ClInclude Include="smart_ptr\auto_ptr.hpp">
      <Filter>smart_ptr</Filter>
    </ClInclude>
    <ClInclude Include="smart_ptr\shared_ptr.hpp">
      <Filter>smart_ptr</Filter>
    </ClInclude>
    <ClInclude Include="smart_ptr\smart_ptr.hpp">
      <Filter>smart_ptr</Filter>
    </ClInclude>
    <ClInclude Include="smart_ptr\weak_ptr.hpp">
      <Filter>smart_ptr</Filter>
    </ClInclude>
  </ItemGroup>
  <ItemGroup>
    <ClCompile Include="main.cpp">
      <Filter>main</Filter>
    </ClCompile>
    <ClCompile Include="shaker_debug.cpp">
      <Filter>shaker_debug</Filter>
    </ClCompile>
    <ClCompile Include="shaker_string.cpp">
      <Filter>shaker_base</Filter>
    </ClCompile>
    <ClCompile Include="shaker_class.cpp">
      <Filter>未完成\shaker_object</Filter>
    </ClCompile>
    <ClCompile Include="shaker_function.cpp">
      <Filter>未完成\shaker_function</Filter>
    </ClCompile>
    <ClCompile Include="extersions\DataUtils\base64\base64.cpp">
      <Filter>extersions\DataUtils\base64</Filter>
    </ClCompile>
    <ClCompile Include="extersions\DataUtils\lzma\lzmat_dec.c">
      <Filter>extersions\DataUtils\lzma</Filter>
    </ClCompile>
    <ClCompile Include="extersions\DataUtils\lzma\lzmat_enc.c">
      <Filter>extersions\DataUtils\lzma</Filter>
    </ClCompile>
    <ClCompile Include="extersions\DataUtils\zlib\adler32.c">
      <Filter>extersions\DataUtils\zlib</Filter>
    </ClCompile>
    <ClCompile Include="extersions\DataUtils\zlib\compress.c">
      <Filter>extersions\DataUtils\zlib</Filter>
    </ClCompile>
    <ClCompile Include="extersions\DataUtils\zlib\crc32.c">
      <Filter>extersions\DataUtils\zlib</Filter>
    </ClCompile>
    <ClCompile Include="extersions\DataUtils\zlib\deflate.c">
      <Filter>extersions\DataUtils\zlib</Filter>
    </ClCompile>
    <ClCompile Include="extersions\DataUtils\zlib\gzclose.c">
      <Filter>extersions\DataUtils\zlib</Filter>
    </ClCompile>
    <ClCompile Include="extersions\DataUtils\zlib\gzlib.c">
      <Filter>extersions\DataUtils\zlib</Filter>
    </ClCompile>
    <ClCompile Include="extersions\DataUtils\zlib\gzread.c">
      <Filter>extersions\DataUtils\zlib</Filter>
    </ClCompile>
    <ClCompile Include="extersions\DataUtils\zlib\gzwrite.c">
      <Filter>extersions\DataUtils\zlib</Filter>
    </ClCompile>
    <ClCompile Include="extersions\DataUtils\zlib\infback.c">
      <Filter>extersions\DataUtils\zlib</Filter>
    </ClCompile>
    <ClCompile Include="extersions\DataUtils\zlib\inffast.c">
      <Filter>extersions\DataUtils\zlib</Filter>
    </ClCompile>
    <ClCompile Include="extersions\DataUtils\zlib\inflate.c">
      <Filter>extersions\DataUtils\zlib</Filter>
    </ClCompile>
    <ClCompile Include="extersions\DataUtils\zlib\inftrees.c">
      <Filter>extersions\DataUtils\zlib</Filter>
    </ClCompile>
    <ClCompile Include="extersions\DataUtils\zlib\trees.c">
      <Filter>extersions\DataUtils\zlib</Filter>
    </ClCompile>
    <ClCompile Include="extersions\DataUtils\zlib\uncompr.c">
      <Filter>extersions\DataUtils\zlib</Filter>
    </ClCompile>
    <ClCompile Include="extersions\DataUtils\zlib\zutil.c">
      <Filter>extersions\DataUtils\zlib</Filter>
    </ClCompile>
    <ClCompile Include="extersions\DataUtils\Data_Binary_t.cpp">
      <Filter>extersions\DataUtils</Filter>
    </ClCompile>
    <ClCompile Include="extersions\DataUtils\DataUtils.cpp">
      <Filter>extersions\DataUtils</Filter>
    </ClCompile>
    <ClCompile Include="shaker_file\FileIO.cpp">
      <Filter>FileIo</Filter>
    </ClCompile>
    <ClCompile Include="shaker_file\FileStream.cpp">
      <Filter>FileIo</Filter>
    </ClCompile>
    <ClCompile Include="shaker_regex\regex.cpp">
      <Filter>shaker_regex</Filter>
    </ClCompile>
    <ClCompile Include="shaker_regex\regex_cache.cpp">
      <Filter>shaker_regex\regex_cache</Filter>
    </ClCompile>
    <ClCompile Include="shaker_timer\shaker_timer.cpp">
      <Filter>shaker_timer</Filter>
    </ClCompile>
  </ItemGroup>
  <ItemGroup>
    <Text Include="regex.txt">
      <Filter>资源文件</Filter>
    </Text>
    <Text Include="ser.txt">
      <Filter>资源文件</Filter>
    </Text>
  </ItemGroup>
  <ItemGroup>
    <Library Include="lua\lua.lib">
      <Filter>外部依赖库\lua</Filter>
    </Library>
    <Library Include="lua\luad.lib">
      <Filter>外部依赖库\lua</Filter>
    </Library>
  </ItemGroup>
</Project>